
Microsoft Visual Studio Solution File, Format Version 12.00
# Visual Studio Version 16
VisualStudioVersion = 16.0.30907.101
MinimumVisualStudioVersion = 10.0.40219.1
Project("{FAE04EC0-301F-11D3-BF4B-00C04F79EFBC}") = "audioplayer", "audioplayer.csproj", "{BA1BDDB9-C6D3-40C1-989A-54CE3FFC0C99}"
EndProject
Global
	GlobalSection(SolutionConfigurationPlatforms) = preSolution
		Debug|Any CPU = Debug|Any CPU
		Release|Any CPU = Release|Any CPU
	EndGlobalSection
	GlobalSection(ProjectConfigurationPlatforms) = postSolution
		{BA1BDDB9-C6D3-40C1-989A-54CE3FFC0C99}.Debug|Any CPU.ActiveCfg = Debug|Any CPU
		{BA1BDDB9-C6D3-40C1-989A-54CE3FFC0C99}.Debug|Any CPU.Build.0 = Debug|Any CPU
		{BA1BDDB9-C6D3-40C1-989A-54CE3FFC0C99}.Release|Any CPU.ActiveCfg = Release|Any CPU
		{BA1BDDB9-C6D3-40C1-989A-54CE3FFC0C99}.Release|Any CPU.Build.0 = Release|Any CPU
	EndGlobalSection
	GlobalSection(SolutionProperties) = preSolution
		HideSolutionNode = FALSE
	EndGlobalSection
	GlobalSection(ExtensibilityGlobals) = postSolution
		SolutionGuid = {4B3F8DE0-85EA-4FBE-B65E-1F334CD46C98}
	EndGlobalSection
EndGlobal
